
Microsoft Visual Studio Solution File, Format Version 12.00
# Visual Studio Version 16
VisualStudioVersion = 16.0.31829.152
MinimumVisualStudioVersion = 10.0.40219.1
Project("{FAE04EC0-301F-11D3-BF4B-00C04F79EFBC}") = "OnlineStoreLibrary", "OnlineStoreLibrary.csproj", "{EA9FA26F-C6C1-4BA6-9788-7BE0C85A7914}"
EndProject
Global
	GlobalSection(SolutionConfigurationPlatforms) = preSolution
		Debug|Any CPU = Debug|Any CPU
		Release|Any CPU = Release|Any CPU
	EndGlobalSection
	GlobalSection(ProjectConfigurationPlatforms) = postSolution
		{EA9FA26F-C6C1-4BA6-9788-7BE0C85A7914}.Debug|Any CPU.ActiveCfg = Debug|Any CPU
		{EA9FA26F-C6C1-4BA6-9788-7BE0C85A7914}.Debug|Any CPU.Build.0 = Debug|Any CPU
		{EA9FA26F-C6C1-4BA6-9788-7BE0C85A7914}.Release|Any CPU.ActiveCfg = Release|Any CPU
		{EA9FA26F-C6C1-4BA6-9788-7BE0C85A7914}.Release|Any CPU.Build.0 = Release|Any CPU
	EndGlobalSection
	GlobalSection(SolutionProperties) = preSolution
		HideSolutionNode = FALSE
	EndGlobalSection
	GlobalSection(ExtensibilityGlobals) = postSolution
		SolutionGuid = {43AA4568-5169-4E8C-BCBB-99C85BB6AEDC}
	EndGlobalSection
EndGlobal
